
Microsoft Visual Studio Solution File, Format Version 12.00
# Visual Studio Version 17
VisualStudioVersion = 17.0.31919.166
MinimumVisualStudioVersion = 10.0.40219.1
Project("{FAE04EC0-301F-11D3-BF4B-00C04F79EFBC}") = "zadanie2_konwerter", "zadanie2_konwerter\zadanie2_konwerter.csproj", "{2FFC34AB-6B66-4068-A85D-BC2769DADA40}"
EndProject
Global
	GlobalSection(SolutionConfigurationPlatforms) = preSolution
		Debug|Any CPU = Debug|Any CPU
		Release|Any CPU = Release|Any CPU
	EndGlobalSection
	GlobalSection(ProjectConfigurationPlatforms) = postSolution
		{2FFC34AB-6B66-4068-A85D-BC2769DADA40}.Debug|Any CPU.ActiveCfg = Debug|Any CPU
		{2FFC34AB-6B66-4068-A85D-BC2769DADA40}.Debug|Any CPU.Build.0 = Debug|Any CPU
		{2FFC34AB-6B66-4068-A85D-BC2769DADA40}.Release|Any CPU.ActiveCfg = Release|Any CPU
		{2FFC34AB-6B66-4068-A85D-BC2769DADA40}.Release|Any CPU.Build.0 = Release|Any CPU
	EndGlobalSection
	GlobalSection(SolutionProperties) = preSolution
		HideSolutionNode = FALSE
	EndGlobalSection
	GlobalSection(ExtensibilityGlobals) = postSolution
		SolutionGuid = {64E6ABC4-1340-4B90-B268-75B2EC904EF1}
	EndGlobalSection
EndGlobal
